
Microsoft Visual Studio Solution File, Format Version 12.00
# Visual Studio Version 16
VisualStudioVersion = 16.0.31105.61
MinimumVisualStudioVersion = 10.0.40219.1
Project("{8BC9CEB8-8B4A-11D0-8D11-00A0C91BC942}") = "PrintUnicodeToConsoleWin", "PrintUnicodeToConsoleWin\PrintUnicodeToConsoleWin.vcxproj", "{1B4EA75C-387E-4790-9320-14DDF0A27820}"
EndProject
Project("{2150E333-8FDC-42A3-9474-1A3956D46DE8}") = "Solution Items", "Solution Items", "{7971ABD2-138E-4BEC-9D09-6E93AB721275}"
	ProjectSection(SolutionItems) = preProject
		LICENSE = LICENSE
		README.md = README.md
	EndProjectSection
EndProject
Global
	GlobalSection(SolutionConfigurationPlatforms) = preSolution
		Debug|x64 = Debug|x64
		Debug|x86 = Debug|x86
		Release|x64 = Release|x64
		Release|x86 = Release|x86
	EndGlobalSection
	GlobalSection(ProjectConfigurationPlatforms) = postSolution
		{1B4EA75C-387E-4790-9320-14DDF0A27820}.Debug|x64.ActiveCfg = Debug|x64
		{1B4EA75C-387E-4790-9320-14DDF0A27820}.Debug|x64.Build.0 = Debug|x64
		{1B4EA75C-387E-4790-9320-14DDF0A27820}.Debug|x86.ActiveCfg = Debug|Win32
		{1B4EA75C-387E-4790-9320-14DDF0A27820}.Debug|x86.Build.0 = Debug|Win32
		{1B4EA75C-387E-4790-9320-14DDF0A27820}.Release|x64.ActiveCfg = Release|x64
		{1B4EA75C-387E-4790-9320-14DDF0A27820}.Release|x64.Build.0 = Release|x64
		{1B4EA75C-387E-4790-9320-14DDF0A27820}.Release|x86.ActiveCfg = Release|Win32
		{1B4EA75C-387E-4790-9320-14DDF0A27820}.Release|x86.Build.0 = Release|Win32
	EndGlobalSection
	GlobalSection(SolutionProperties) = preSolution
		HideSolutionNode = FALSE
	EndGlobalSection
	GlobalSection(ExtensibilityGlobals) = postSolution
		SolutionGuid = {4F1C7217-A4C8-4E65-83F0-83281140E08F}
	EndGlobalSection
EndGlobal
